
Microsoft Visual Studio Solution File, Format Version 12.00
# Visual Studio Version 16
VisualStudioVersion = 16.0.31424.327
MinimumVisualStudioVersion = 10.0.40219.1
Project("{FAE04EC0-301F-11D3-BF4B-00C04F79EFBC}") = "ShowMeAlgo", "ShowMeAlgo.csproj", "{4FC938F6-1BC4-4EDB-AEE3-E8154E805893}"
EndProject
Global
	GlobalSection(SolutionConfigurationPlatforms) = preSolution
		Debug|Any CPU = Debug|Any CPU
		Release|Any CPU = Release|Any CPU
	EndGlobalSection
	GlobalSection(ProjectConfigurationPlatforms) = postSolution
		{4FC938F6-1BC4-4EDB-AEE3-E8154E805893}.Debug|Any CPU.ActiveCfg = Debug|Any CPU
		{4FC938F6-1BC4-4EDB-AEE3-E8154E805893}.Debug|Any CPU.Build.0 = Debug|Any CPU
		{4FC938F6-1BC4-4EDB-AEE3-E8154E805893}.Release|Any CPU.ActiveCfg = Release|Any CPU
		{4FC938F6-1BC4-4EDB-AEE3-E8154E805893}.Release|Any CPU.Build.0 = Release|Any CPU
	EndGlobalSection
	GlobalSection(SolutionProperties) = preSolution
		HideSolutionNode = FALSE
	EndGlobalSection
	GlobalSection(ExtensibilityGlobals) = postSolution
		SolutionGuid = {6174C3DB-63BF-47A5-9E2A-5FFED1A5D0AB}
	EndGlobalSection
EndGlobal
